
Microsoft Visual Studio Solution File, Format Version 12.00
# Visual Studio Version 17
VisualStudioVersion = 17.3.32929.385
MinimumVisualStudioVersion = 10.0.40219.1
Project("{9A19103F-16F7-4668-BE54-9A1E7A4F7556}") = "LeBonCoin_Toulouse", "LeBonCoin_Toulouse.csproj", "{3F37D8CF-6A7D-40A5-92CE-4AB16CAA7162}"
EndProject
Global
	GlobalSection(SolutionConfigurationPlatforms) = preSolution
		Debug|Any CPU = Debug|Any CPU
		Release|Any CPU = Release|Any CPU
	EndGlobalSection
	GlobalSection(ProjectConfigurationPlatforms) = postSolution
		{3F37D8CF-6A7D-40A5-92CE-4AB16CAA7162}.Debug|Any CPU.ActiveCfg = Debug|Any CPU
		{3F37D8CF-6A7D-40A5-92CE-4AB16CAA7162}.Debug|Any CPU.Build.0 = Debug|Any CPU
		{3F37D8CF-6A7D-40A5-92CE-4AB16CAA7162}.Release|Any CPU.ActiveCfg = Release|Any CPU
		{3F37D8CF-6A7D-40A5-92CE-4AB16CAA7162}.Release|Any CPU.Build.0 = Release|Any CPU
	EndGlobalSection
	GlobalSection(SolutionProperties) = preSolution
		HideSolutionNode = FALSE
	EndGlobalSection
	GlobalSection(ExtensibilityGlobals) = postSolution
		SolutionGuid = {D0EC6802-2867-4C20-8627-4225ACC417A1}
	EndGlobalSection
EndGlobal
